// !$*UTF8*$!
{
	archiveVersion = 1;
	classes = {
	};
	objectVersion = 56;
	objects = {

/* Begin PBXBuildFile section */
		861F1614298EF4F200C59DF5 /* CurrencyResponse.swift in Sources */ = {isa = PBXBuildFile; fileRef = 861F1613298EF4F200C59DF5 /* CurrencyResponse.swift */; };
		861F1616298EF50200C59DF5 /* ExchangeRatesDataResponse.swift in Sources */ = {isa = PBXBuildFile; fileRef = 861F1615298EF50200C59DF5 /* ExchangeRatesDataResponse.swift */; };
		861F161B298EF6D100C59DF5 /* DependencyManager.swift in Sources */ = {isa = PBXBuildFile; fileRef = 861F161A298EF6D100C59DF5 /* DependencyManager.swift */; };
		862FC10A298978C9007A2A88 /* Swinject in Frameworks */ = {isa = PBXBuildFile; productRef = 862FC109298978C9007A2A88 /* Swinject */; };
		862FC10F29897DBF007A2A88 /* CurrencyRepository.swift in Sources */ = {isa = PBXBuildFile; fileRef = 862FC10E29897DBF007A2A88 /* CurrencyRepository.swift */; };
		862FC11629899D71007A2A88 /* CurrencyService.swift in Sources */ = {isa = PBXBuildFile; fileRef = 862FC11529899D71007A2A88 /* CurrencyService.swift */; };
		862FC1192989A1BD007A2A88 /* User + PersistableDomainModelProtocol.swift in Sources */ = {isa = PBXBuildFile; fileRef = 862FC1182989A1BD007A2A88 /* User + PersistableDomainModelProtocol.swift */; };
		862FC11B2989A1EF007A2A88 /* User_DB + PersistedModelProtocol.swift in Sources */ = {isa = PBXBuildFile; fileRef = 862FC11A2989A1EF007A2A88 /* User_DB + PersistedModelProtocol.swift */; };
		862FC11D2989A4D5007A2A88 /* UserRepository.swift in Sources */ = {isa = PBXBuildFile; fileRef = 862FC11C2989A4D5007A2A88 /* UserRepository.swift */; };
		862FC1202989E7CD007A2A88 /* CurrencyBalance + PersistableDomainModelProtocol.swift in Sources */ = {isa = PBXBuildFile; fileRef = 862FC11F2989E7CD007A2A88 /* CurrencyBalance + PersistableDomainModelProtocol.swift */; };
		862FC1222989E80D007A2A88 /* CurrencyBalance_DB + PersistedModelProtocol.swift in Sources */ = {isa = PBXBuildFile; fileRef = 862FC1212989E80D007A2A88 /* CurrencyBalance_DB + PersistedModelProtocol.swift */; };
		862FC124298A66C5007A2A88 /* CurrencyBalanceRepository.swift in Sources */ = {isa = PBXBuildFile; fileRef = 862FC123298A66C5007A2A88 /* CurrencyBalanceRepository.swift */; };
		862FC127298A6A3E007A2A88 /* currencies.json in Resources */ = {isa = PBXBuildFile; fileRef = 862FC126298A6A3E007A2A88 /* currencies.json */; };
		862FC12A298A95D3007A2A88 /* CurrencyConverter.swift in Sources */ = {isa = PBXBuildFile; fileRef = 862FC129298A95D3007A2A88 /* CurrencyConverter.swift */; };
		862FC12D298AD88F007A2A88 /* CurrencyAPITarget.swift in Sources */ = {isa = PBXBuildFile; fileRef = 862FC12C298AD88F007A2A88 /* CurrencyAPITarget.swift */; };
		862FC130298BCF25007A2A88 /* APP_Errors.swift in Sources */ = {isa = PBXBuildFile; fileRef = 862FC12F298BCF25007A2A88 /* APP_Errors.swift */; };
		862FC133298C66FE007A2A88 /* CurrencyRate_DB.swift in Sources */ = {isa = PBXBuildFile; fileRef = 862FC132298C66FE007A2A88 /* CurrencyRate_DB.swift */; };
		862FC135298C680F007A2A88 /* CurrencyRate_DB + PersistedModelProtocol.swift in Sources */ = {isa = PBXBuildFile; fileRef = 862FC134298C680F007A2A88 /* CurrencyRate_DB + PersistedModelProtocol.swift */; };
		862FC138298C6A3E007A2A88 /* CurrencyRate.swift in Sources */ = {isa = PBXBuildFile; fileRef = 862FC137298C6A3E007A2A88 /* CurrencyRate.swift */; };
		862FC13A298C6AA1007A2A88 /* CurrencyRate + PersistableDomainModelProtocol.swift in Sources */ = {isa = PBXBuildFile; fileRef = 862FC139298C6AA1007A2A88 /* CurrencyRate + PersistableDomainModelProtocol.swift */; };
		8656EDAB298878980055722A /* Currency.swift in Sources */ = {isa = PBXBuildFile; fileRef = 8656EDAA298878980055722A /* Currency.swift */; };
		8656EDAD29887B5B0055722A /* User.swift in Sources */ = {isa = PBXBuildFile; fileRef = 8656EDAC29887B5B0055722A /* User.swift */; };
		8656EDAF29887DA20055722A /* CurrencyBalance.swift in Sources */ = {isa = PBXBuildFile; fileRef = 8656EDAE29887DA20055722A /* CurrencyBalance.swift */; };
		86615788298882CB00AAC56A /* DevTools in Frameworks */ = {isa = PBXBuildFile; productRef = 86615787298882CB00AAC56A /* DevTools */; };
		8661578A298882CB00AAC56A /* DevToolsNavigation in Frameworks */ = {isa = PBXBuildFile; productRef = 86615789298882CB00AAC56A /* DevToolsNavigation */; };
		8661578C298882CB00AAC56A /* DevToolsNetworking in Frameworks */ = {isa = PBXBuildFile; productRef = 8661578B298882CB00AAC56A /* DevToolsNetworking */; };
		8661578E298882CB00AAC56A /* DevToolsRealm in Frameworks */ = {isa = PBXBuildFile; productRef = 8661578D298882CB00AAC56A /* DevToolsRealm */; };
		86615790298882CB00AAC56A /* DevToolsUI in Frameworks */ = {isa = PBXBuildFile; productRef = 8661578F298882CB00AAC56A /* DevToolsUI */; };
		86894F6F29887F7C00A41E10 /* Currency + PersistableDomainModelProtocol.swift in Sources */ = {isa = PBXBuildFile; fileRef = 86894F6E29887F7C00A41E10 /* Currency + PersistableDomainModelProtocol.swift */; };
		86894F712988801A00A41E10 /* Currency_DB + PersistedModelProtocol.swift in Sources */ = {isa = PBXBuildFile; fileRef = 86894F702988801A00A41E10 /* Currency_DB + PersistedModelProtocol.swift */; };
		D417843F296C4C4C00A92A80 /* CurrencyBalanceItemView.swift in Sources */ = {isa = PBXBuildFile; fileRef = D417843E296C4C4C00A92A80 /* CurrencyBalanceItemView.swift */; };
		D4178441296C4C6200A92A80 /* CurrencyBalanceItemVM.swift in Sources */ = {isa = PBXBuildFile; fileRef = D4178440296C4C6200A92A80 /* CurrencyBalanceItemVM.swift */; };
		D4178444296C5AB400A92A80 /* ExchangeCurrencyView.swift in Sources */ = {isa = PBXBuildFile; fileRef = D4178443296C5AB400A92A80 /* ExchangeCurrencyView.swift */; };
		D4178446296C5ABE00A92A80 /* ExchangeCurrencyVM.swift in Sources */ = {isa = PBXBuildFile; fileRef = D4178445296C5ABE00A92A80 /* ExchangeCurrencyVM.swift */; };
		D4178449296C612200A92A80 /* Currency_DB.swift in Sources */ = {isa = PBXBuildFile; fileRef = D4178448296C612200A92A80 /* Currency_DB.swift */; };
		D42845CB296C03FE00B97ADE /* AppDelegate.swift in Sources */ = {isa = PBXBuildFile; fileRef = D42845CA296C03FE00B97ADE /* AppDelegate.swift */; };
		D42845CD296C03FE00B97ADE /* SceneDelegate.swift in Sources */ = {isa = PBXBuildFile; fileRef = D42845CC296C03FE00B97ADE /* SceneDelegate.swift */; };
		D42845D4296C03FF00B97ADE /* Assets.xcassets in Resources */ = {isa = PBXBuildFile; fileRef = D42845D3296C03FF00B97ADE /* Assets.xcassets */; };
		D42845D7296C03FF00B97ADE /* LaunchScreen.storyboard in Resources */ = {isa = PBXBuildFile; fileRef = D42845D5296C03FF00B97ADE /* LaunchScreen.storyboard */; };
		D42845E1296C079B00B97ADE /* ConverterSceneView.swift in Sources */ = {isa = PBXBuildFile; fileRef = D42845E0296C079B00B97ADE /* ConverterSceneView.swift */; };
		D42845E3296C081400B97ADE /* ConverterSceneVM.swift in Sources */ = {isa = PBXBuildFile; fileRef = D42845E2296C081400B97ADE /* ConverterSceneVM.swift */; };
		D42845E8296C08A600B97ADE /* MainButtonStyle.swift in Sources */ = {isa = PBXBuildFile; fileRef = D42845E7296C08A600B97ADE /* MainButtonStyle.swift */; };
		D42845EB296C09C500B97ADE /* Colors.swift in Sources */ = {isa = PBXBuildFile; fileRef = D42845EA296C09C500B97ADE /* Colors.swift */; };
		D42845EF296C0C0600B97ADE /* BuySellIndicatorView.swift in Sources */ = {isa = PBXBuildFile; fileRef = D42845EE296C0C0600B97ADE /* BuySellIndicatorView.swift */; };
		D48A9B08296C1382007F45F2 /* CurrencyPickerView.swift in Sources */ = {isa = PBXBuildFile; fileRef = D48A9B07296C1382007F45F2 /* CurrencyPickerView.swift */; };
		D48A9B0C296C185E007F45F2 /* CurrencyBalance_DB.swift in Sources */ = {isa = PBXBuildFile; fileRef = D48A9B0B296C185E007F45F2 /* CurrencyBalance_DB.swift */; };
		D48A9B12296C240F007F45F2 /* User_DB.swift in Sources */ = {isa = PBXBuildFile; fileRef = D48A9B11296C240F007F45F2 /* User_DB.swift */; };
/* End PBXBuildFile section */

/* Begin PBXFileReference section */
		861F1613298EF4F200C59DF5 /* CurrencyResponse.swift */ = {isa = PBXFileReference; lastKnownFileType = sourcecode.swift; path = CurrencyResponse.swift; sourceTree = "<group>"; };
		861F1615298EF50200C59DF5 /* ExchangeRatesDataResponse.swift */ = {isa = PBXFileReference; lastKnownFileType = sourcecode.swift; path = ExchangeRatesDataResponse.swift; sourceTree = "<group>"; };
		861F161A298EF6D100C59DF5 /* DependencyManager.swift */ = {isa = PBXFileReference; lastKnownFileType = sourcecode.swift; path = DependencyManager.swift; sourceTree = "<group>"; };
		862FC10E29897DBF007A2A88 /* CurrencyRepository.swift */ = {isa = PBXFileReference; lastKnownFileType = sourcecode.swift; path = CurrencyRepository.swift; sourceTree = "<group>"; };
		862FC11529899D71007A2A88 /* CurrencyService.swift */ = {isa = PBXFileReference; lastKnownFileType = sourcecode.swift; path = CurrencyService.swift; sourceTree = "<group>"; };
		862FC1182989A1BD007A2A88 /* User + PersistableDomainModelProtocol.swift */ = {isa = PBXFileReference; lastKnownFileType = sourcecode.swift; path = "User + PersistableDomainModelProtocol.swift"; sourceTree = "<group>"; };
		862FC11A2989A1EF007A2A88 /* User_DB + PersistedModelProtocol.swift */ = {isa = PBXFileReference; lastKnownFileType = sourcecode.swift; path = "User_DB + PersistedModelProtocol.swift"; sourceTree = "<group>"; };
		862FC11C2989A4D5007A2A88 /* UserRepository.swift */ = {isa = PBXFileReference; lastKnownFileType = sourcecode.swift; path = UserRepository.swift; sourceTree = "<group>"; };
		862FC11F2989E7CD007A2A88 /* CurrencyBalance + PersistableDomainModelProtocol.swift */ = {isa = PBXFileReference; lastKnownFileType = sourcecode.swift; path = "CurrencyBalance + PersistableDomainModelProtocol.swift"; sourceTree = "<group>"; };
		862FC1212989E80D007A2A88 /* CurrencyBalance_DB + PersistedModelProtocol.swift */ = {isa = PBXFileReference; lastKnownFileType = sourcecode.swift; path = "CurrencyBalance_DB + PersistedModelProtocol.swift"; sourceTree = "<group>"; };
		862FC123298A66C5007A2A88 /* CurrencyBalanceRepository.swift */ = {isa = PBXFileReference; fileEncoding = 4; lastKnownFileType = sourcecode.swift; path = CurrencyBalanceRepository.swift; sourceTree = "<group>"; };
		862FC126298A6A3E007A2A88 /* currencies.json */ = {isa = PBXFileReference; fileEncoding = 4; lastKnownFileType = text.json; path = currencies.json; sourceTree = "<group>"; };
		862FC129298A95D3007A2A88 /* CurrencyConverter.swift */ = {isa = PBXFileReference; lastKnownFileType = sourcecode.swift; path = CurrencyConverter.swift; sourceTree = "<group>"; };
		862FC12C298AD88F007A2A88 /* CurrencyAPITarget.swift */ = {isa = PBXFileReference; lastKnownFileType = sourcecode.swift; path = CurrencyAPITarget.swift; sourceTree = "<group>"; };
		862FC12F298BCF25007A2A88 /* APP_Errors.swift */ = {isa = PBXFileReference; lastKnownFileType = sourcecode.swift; path = APP_Errors.swift; sourceTree = "<group>"; };
		862FC132298C66FE007A2A88 /* CurrencyRate_DB.swift */ = {isa = PBXFileReference; lastKnownFileType = sourcecode.swift; path = CurrencyRate_DB.swift; sourceTree = "<group>"; };
		862FC134298C680F007A2A88 /* CurrencyRate_DB + PersistedModelProtocol.swift */ = {isa = PBXFileReference; fileEncoding = 4; lastKnownFileType = sourcecode.swift; path = "CurrencyRate_DB + PersistedModelProtocol.swift"; sourceTree = "<group>"; };
		862FC137298C6A3E007A2A88 /* CurrencyRate.swift */ = {isa = PBXFileReference; lastKnownFileType = sourcecode.swift; path = CurrencyRate.swift; sourceTree = "<group>"; };
		862FC139298C6AA1007A2A88 /* CurrencyRate + PersistableDomainModelProtocol.swift */ = {isa = PBXFileReference; fileEncoding = 4; lastKnownFileType = sourcecode.swift; path = "CurrencyRate + PersistableDomainModelProtocol.swift"; sourceTree = "<group>"; };
		8656EDAA298878980055722A /* Currency.swift */ = {isa = PBXFileReference; lastKnownFileType = sourcecode.swift; path = Currency.swift; sourceTree = "<group>"; };
		8656EDAC29887B5B0055722A /* User.swift */ = {isa = PBXFileReference; lastKnownFileType = sourcecode.swift; path = User.swift; sourceTree = "<group>"; };
		8656EDAE29887DA20055722A /* CurrencyBalance.swift */ = {isa = PBXFileReference; lastKnownFileType = sourcecode.swift; path = CurrencyBalance.swift; sourceTree = "<group>"; };
		86894F6E29887F7C00A41E10 /* Currency + PersistableDomainModelProtocol.swift */ = {isa = PBXFileReference; lastKnownFileType = sourcecode.swift; path = "Currency + PersistableDomainModelProtocol.swift"; sourceTree = "<group>"; };
		86894F702988801A00A41E10 /* Currency_DB + PersistedModelProtocol.swift */ = {isa = PBXFileReference; lastKnownFileType = sourcecode.swift; path = "Currency_DB + PersistedModelProtocol.swift"; sourceTree = "<group>"; };
		D417843E296C4C4C00A92A80 /* CurrencyBalanceItemView.swift */ = {isa = PBXFileReference; lastKnownFileType = sourcecode.swift; path = CurrencyBalanceItemView.swift; sourceTree = "<group>"; };
		D4178440296C4C6200A92A80 /* CurrencyBalanceItemVM.swift */ = {isa = PBXFileReference; lastKnownFileType = sourcecode.swift; path = CurrencyBalanceItemVM.swift; sourceTree = "<group>"; };
		D4178443296C5AB400A92A80 /* ExchangeCurrencyView.swift */ = {isa = PBXFileReference; lastKnownFileType = sourcecode.swift; path = ExchangeCurrencyView.swift; sourceTree = "<group>"; };
		D4178445296C5ABE00A92A80 /* ExchangeCurrencyVM.swift */ = {isa = PBXFileReference; lastKnownFileType = sourcecode.swift; path = ExchangeCurrencyVM.swift; sourceTree = "<group>"; };
		D4178448296C612200A92A80 /* Currency_DB.swift */ = {isa = PBXFileReference; lastKnownFileType = sourcecode.swift; path = Currency_DB.swift; sourceTree = "<group>"; };
		D42845C7296C03FE00B97ADE /* Currency Exchanger.app */ = {isa = PBXFileReference; explicitFileType = wrapper.application; includeInIndex = 0; path = "Currency Exchanger.app"; sourceTree = BUILT_PRODUCTS_DIR; };
		D42845CA296C03FE00B97ADE /* AppDelegate.swift */ = {isa = PBXFileReference; lastKnownFileType = sourcecode.swift; path = AppDelegate.swift; sourceTree = "<group>"; };
		D42845CC296C03FE00B97ADE /* SceneDelegate.swift */ = {isa = PBXFileReference; lastKnownFileType = sourcecode.swift; path = SceneDelegate.swift; sourceTree = "<group>"; };
		D42845D3296C03FF00B97ADE /* Assets.xcassets */ = {isa = PBXFileReference; lastKnownFileType = folder.assetcatalog; path = Assets.xcassets; sourceTree = "<group>"; };
		D42845D6296C03FF00B97ADE /* Base */ = {isa = PBXFileReference; lastKnownFileType = file.storyboard; name = Base; path = Base.lproj/LaunchScreen.storyboard; sourceTree = "<group>"; };
		D42845D8296C03FF00B97ADE /* Info.plist */ = {isa = PBXFileReference; lastKnownFileType = text.plist.xml; path = Info.plist; sourceTree = "<group>"; };
		D42845E0296C079B00B97ADE /* ConverterSceneView.swift */ = {isa = PBXFileReference; lastKnownFileType = sourcecode.swift; path = ConverterSceneView.swift; sourceTree = "<group>"; };
		D42845E2296C081400B97ADE /* ConverterSceneVM.swift */ = {isa = PBXFileReference; lastKnownFileType = sourcecode.swift; path = ConverterSceneVM.swift; sourceTree = "<group>"; };
		D42845E7296C08A600B97ADE /* MainButtonStyle.swift */ = {isa = PBXFileReference; lastKnownFileType = sourcecode.swift; path = MainButtonStyle.swift; sourceTree = "<group>"; };
		D42845EA296C09C500B97ADE /* Colors.swift */ = {isa = PBXFileReference; lastKnownFileType = sourcecode.swift; path = Colors.swift; sourceTree = "<group>"; };
		D42845EE296C0C0600B97ADE /* BuySellIndicatorView.swift */ = {isa = PBXFileReference; lastKnownFileType = sourcecode.swift; path = BuySellIndicatorView.swift; sourceTree = "<group>"; };
		D48A9B07296C1382007F45F2 /* CurrencyPickerView.swift */ = {isa = PBXFileReference; lastKnownFileType = sourcecode.swift; path = CurrencyPickerView.swift; sourceTree = "<group>"; };
		D48A9B0B296C185E007F45F2 /* CurrencyBalance_DB.swift */ = {isa = PBXFileReference; lastKnownFileType = sourcecode.swift; path = CurrencyBalance_DB.swift; sourceTree = "<group>"; };
		D48A9B11296C240F007F45F2 /* User_DB.swift */ = {isa = PBXFileReference; lastKnownFileType = sourcecode.swift; path = User_DB.swift; sourceTree = "<group>"; };
/* End PBXFileReference section */

/* Begin PBXFrameworksBuildPhase section */
		D42845C4296C03FE00B97ADE /* Frameworks */ = {
			isa = PBXFrameworksBuildPhase;
			buildActionMask = 2147483647;
			files = (
				8661578A298882CB00AAC56A /* DevToolsNavigation in Frameworks */,
				86615790298882CB00AAC56A /* DevToolsUI in Frameworks */,
				8661578C298882CB00AAC56A /* DevToolsNetworking in Frameworks */,
				8661578E298882CB00AAC56A /* DevToolsRealm in Frameworks */,
				86615788298882CB00AAC56A /* DevTools in Frameworks */,
				862FC10A298978C9007A2A88 /* Swinject in Frameworks */,
			);
			runOnlyForDeploymentPostprocessing = 0;
		};
/* End PBXFrameworksBuildPhase section */

/* Begin PBXGroup section */
		861F1612298EF4DD00C59DF5 /* Responses */ = {
			isa = PBXGroup;
			children = (
				861F1613298EF4F200C59DF5 /* CurrencyResponse.swift */,
				861F1615298EF50200C59DF5 /* ExchangeRatesDataResponse.swift */,
			);
			path = Responses;
			sourceTree = "<group>";
		};
		861F1617298EF52800C59DF5 /* JSON */ = {
			isa = PBXGroup;
			children = (
				862FC126298A6A3E007A2A88 /* currencies.json */,
			);
			path = JSON;
			sourceTree = "<group>";
		};
		861F1618298EF57600C59DF5 /* UI */ = {
			isa = PBXGroup;
			children = (
				D42845E5296C084C00B97ADE /* UIComponents */,
				D42845DE296C074900B97ADE /* Screens */,
			);
			path = UI;
			sourceTree = "<group>";
		};
		861F1619298EF6C400C59DF5 /* Managers */ = {
			isa = PBXGroup;
			children = (
				861F161A298EF6D100C59DF5 /* DependencyManager.swift */,
			);
			path = Managers;
			sourceTree = "<group>";
		};
		862FC10B29897D91007A2A88 /* Domain */ = {
			isa = PBXGroup;
			children = (
				862FC12E298BCF19007A2A88 /* Errors */,
				862FC128298A95B9007A2A88 /* BusinessLogic */,
				D42845E4296C083A00B97ADE /* Models */,
			);
			path = Domain;
			sourceTree = "<group>";
		};
		862FC10D29897DA9007A2A88 /* Repository */ = {
			isa = PBXGroup;
			children = (
				862FC10E29897DBF007A2A88 /* CurrencyRepository.swift */,
				862FC123298A66C5007A2A88 /* CurrencyBalanceRepository.swift */,
				862FC11C2989A4D5007A2A88 /* UserRepository.swift */,
			);
			path = Repository;
			sourceTree = "<group>";
		};
		862FC11329899D3B007A2A88 /* Services */ = {
			isa = PBXGroup;
			children = (
				862FC11429899D54007A2A88 /* CurrencyService */,
			);
			path = Services;
			sourceTree = "<group>";
		};
		862FC11429899D54007A2A88 /* CurrencyService */ = {
			isa = PBXGroup;
			children = (
				861F1612298EF4DD00C59DF5 /* Responses */,
				862FC11529899D71007A2A88 /* CurrencyService.swift */,
				862FC12C298AD88F007A2A88 /* CurrencyAPITarget.swift */,
			);
			path = CurrencyService;
			sourceTree = "<group>";
		};
		862FC1172989A1AD007A2A88 /* User */ = {
			isa = PBXGroup;
			children = (
				8656EDAC29887B5B0055722A /* User.swift */,
				862FC1182989A1BD007A2A88 /* User + PersistableDomainModelProtocol.swift */,
			);
			path = User;
			sourceTree = "<group>";
		};
		862FC11E2989E7B1007A2A88 /* CurrencyBalance */ = {
			isa = PBXGroup;
			children = (
				8656EDAE29887DA20055722A /* CurrencyBalance.swift */,
				862FC11F2989E7CD007A2A88 /* CurrencyBalance + PersistableDomainModelProtocol.swift */,
			);
			path = CurrencyBalance;
			sourceTree = "<group>";
		};
		862FC125298A6877007A2A88 /* Resources */ = {
			isa = PBXGroup;
			children = (
				861F1617298EF52800C59DF5 /* JSON */,
			);
			path = Resources;
			sourceTree = "<group>";
		};
		862FC128298A95B9007A2A88 /* BusinessLogic */ = {
			isa = PBXGroup;
			children = (
				862FC129298A95D3007A2A88 /* CurrencyConverter.swift */,
			);
			path = BusinessLogic;
			sourceTree = "<group>";
		};
		862FC12E298BCF19007A2A88 /* Errors */ = {
			isa = PBXGroup;
			children = (
				862FC12F298BCF25007A2A88 /* APP_Errors.swift */,
			);
			path = Errors;
			sourceTree = "<group>";
		};
		862FC131298C66E6007A2A88 /* CurrencyRate */ = {
			isa = PBXGroup;
			children = (
				862FC132298C66FE007A2A88 /* CurrencyRate_DB.swift */,
				862FC134298C680F007A2A88 /* CurrencyRate_DB + PersistedModelProtocol.swift */,
			);
			path = CurrencyRate;
			sourceTree = "<group>";
		};
		862FC136298C6A30007A2A88 /* CurrencyRate */ = {
			isa = PBXGroup;
			children = (
				862FC137298C6A3E007A2A88 /* CurrencyRate.swift */,
				862FC139298C6AA1007A2A88 /* CurrencyRate + PersistableDomainModelProtocol.swift */,
			);
			path = CurrencyRate;
			sourceTree = "<group>";
		};
		8656EDA9298876A10055722A /* Domain */ = {
			isa = PBXGroup;
			children = (
				862FC136298C6A30007A2A88 /* CurrencyRate */,
				862FC1172989A1AD007A2A88 /* User */,
				86894F6D29887F4A00A41E10 /* Currency */,
				862FC11E2989E7B1007A2A88 /* CurrencyBalance */,
			);
			path = Domain;
			sourceTree = "<group>";
		};
		86894F6D29887F4A00A41E10 /* Currency */ = {
			isa = PBXGroup;
			children = (
				8656EDAA298878980055722A /* Currency.swift */,
				86894F6E29887F7C00A41E10 /* Currency + PersistableDomainModelProtocol.swift */,
			);
			path = Currency;
			sourceTree = "<group>";
		};
		D417843D296C4C2900A92A80 /* CurrencyBalanceItemView */ = {
			isa = PBXGroup;
			children = (
				D417843E296C4C4C00A92A80 /* CurrencyBalanceItemView.swift */,
				D4178440296C4C6200A92A80 /* CurrencyBalanceItemVM.swift */,
			);
			path = CurrencyBalanceItemView;
			sourceTree = "<group>";
		};
		D4178442296C5AA100A92A80 /* ExchangeCurrencyView */ = {
			isa = PBXGroup;
			children = (
				D4178443296C5AB400A92A80 /* ExchangeCurrencyView.swift */,
				D4178445296C5ABE00A92A80 /* ExchangeCurrencyVM.swift */,
			);
			path = ExchangeCurrencyView;
			sourceTree = "<group>";
		};
		D4178447296C610D00A92A80 /* Currency */ = {
			isa = PBXGroup;
			children = (
				D4178448296C612200A92A80 /* Currency_DB.swift */,
				86894F702988801A00A41E10 /* Currency_DB + PersistedModelProtocol.swift */,
			);
			path = Currency;
			sourceTree = "<group>";
		};
		D42845BE296C03FE00B97ADE = {
			isa = PBXGroup;
			children = (
				D42845C9296C03FE00B97ADE /* Currency Exchanger */,
				D42845C8296C03FE00B97ADE /* Products */,
			);
			sourceTree = "<group>";
		};
		D42845C8296C03FE00B97ADE /* Products */ = {
			isa = PBXGroup;
			children = (
				D42845C7296C03FE00B97ADE /* Currency Exchanger.app */,
			);
			name = Products;
			sourceTree = "<group>";
		};
		D42845C9296C03FE00B97ADE /* Currency Exchanger */ = {
			isa = PBXGroup;
			children = (
				861F1619298EF6C400C59DF5 /* Managers */,
				862FC11329899D3B007A2A88 /* Services */,
				862FC10B29897D91007A2A88 /* Domain */,
				861F1618298EF57600C59DF5 /* UI */,
				862FC125298A6877007A2A88 /* Resources */,
				D42845CA296C03FE00B97ADE /* AppDelegate.swift */,
				D42845CC296C03FE00B97ADE /* SceneDelegate.swift */,
				D42845D3296C03FF00B97ADE /* Assets.xcassets */,
				D42845D5296C03FF00B97ADE /* LaunchScreen.storyboard */,
				D42845D8296C03FF00B97ADE /* Info.plist */,
			);
			path = "Currency Exchanger";
			sourceTree = "<group>";
		};
		D42845DE296C074900B97ADE /* Screens */ = {
			isa = PBXGroup;
			children = (
				D42845DF296C075900B97ADE /* Converter */,
			);
			path = Screens;
			sourceTree = "<group>";
		};
		D42845DF296C075900B97ADE /* Converter */ = {
			isa = PBXGroup;
			children = (
				D42845E0296C079B00B97ADE /* ConverterSceneView.swift */,
				D42845E2296C081400B97ADE /* ConverterSceneVM.swift */,
			);
			path = Converter;
			sourceTree = "<group>";
		};
		D42845E4296C083A00B97ADE /* Models */ = {
			isa = PBXGroup;
			children = (
				862FC10D29897DA9007A2A88 /* Repository */,
				8656EDA9298876A10055722A /* Domain */,
				D48A9B09296C17FD007F45F2 /* Database */,
			);
			path = Models;
			sourceTree = "<group>";
		};
		D42845E5296C084C00B97ADE /* UIComponents */ = {
			isa = PBXGroup;
			children = (
				D42845EC296C0BCB00B97ADE /* Views */,
				D42845E9296C09A700B97ADE /* Colors */,
				D42845E6296C087100B97ADE /* Buttons */,
			);
			path = UIComponents;
			sourceTree = "<group>";
		};
		D42845E6296C087100B97ADE /* Buttons */ = {
			isa = PBXGroup;
			children = (
				D42845E7296C08A600B97ADE /* MainButtonStyle.swift */,
			);
			path = Buttons;
			sourceTree = "<group>";
		};
		D42845E9296C09A700B97ADE /* Colors */ = {
			isa = PBXGroup;
			children = (
				D42845EA296C09C500B97ADE /* Colors.swift */,
			);
			path = Colors;
			sourceTree = "<group>";
		};
		D42845EC296C0BCB00B97ADE /* Views */ = {
			isa = PBXGroup;
			children = (
				D4178442296C5AA100A92A80 /* ExchangeCurrencyView */,
				D417843D296C4C2900A92A80 /* CurrencyBalanceItemView */,
				D48A9B06296C136C007F45F2 /* CurrencyPickerView */,
				D42845ED296C0BE700B97ADE /* BuySellIndicatorView */,
			);
			path = Views;
			sourceTree = "<group>";
		};
		D42845ED296C0BE700B97ADE /* BuySellIndicatorView */ = {
			isa = PBXGroup;
			children = (
				D42845EE296C0C0600B97ADE /* BuySellIndicatorView.swift */,
			);
			path = BuySellIndicatorView;
			sourceTree = "<group>";
		};
		D48A9B06296C136C007F45F2 /* CurrencyPickerView */ = {
			isa = PBXGroup;
			children = (
				D48A9B07296C1382007F45F2 /* CurrencyPickerView.swift */,
			);
			path = CurrencyPickerView;
			sourceTree = "<group>";
		};
		D48A9B09296C17FD007F45F2 /* Database */ = {
			isa = PBXGroup;
			children = (
				862FC131298C66E6007A2A88 /* CurrencyRate */,
				D4178447296C610D00A92A80 /* Currency */,
				D48A9B10296C23FE007F45F2 /* User */,
				D48A9B0A296C180A007F45F2 /* CurrencyBalance */,
			);
			path = Database;
			sourceTree = "<group>";
		};
		D48A9B0A296C180A007F45F2 /* CurrencyBalance */ = {
			isa = PBXGroup;
			children = (
				D48A9B0B296C185E007F45F2 /* CurrencyBalance_DB.swift */,
				862FC1212989E80D007A2A88 /* CurrencyBalance_DB + PersistedModelProtocol.swift */,
			);
			path = CurrencyBalance;
			sourceTree = "<group>";
		};
		D48A9B10296C23FE007F45F2 /* User */ = {
			isa = PBXGroup;
			children = (
				D48A9B11296C240F007F45F2 /* User_DB.swift */,
				862FC11A2989A1EF007A2A88 /* User_DB + PersistedModelProtocol.swift */,
			);
			path = User;
			sourceTree = "<group>";
		};
/* End PBXGroup section */

/* Begin PBXNativeTarget section */
		D42845C6296C03FE00B97ADE /* Currency Exchanger */ = {
			isa = PBXNativeTarget;
			buildConfigurationList = D42845DB296C03FF00B97ADE /* Build configuration list for PBXNativeTarget "Currency Exchanger" */;
			buildPhases = (
				D42845C3296C03FE00B97ADE /* Sources */,
				D42845C4296C03FE00B97ADE /* Frameworks */,
				D42845C5296C03FE00B97ADE /* Resources */,
			);
			buildRules = (
			);
			dependencies = (
			);
			name = "Currency Exchanger";
			packageProductDependencies = (
				86615787298882CB00AAC56A /* DevTools */,
				86615789298882CB00AAC56A /* DevToolsNavigation */,
				8661578B298882CB00AAC56A /* DevToolsNetworking */,
				8661578D298882CB00AAC56A /* DevToolsRealm */,
				8661578F298882CB00AAC56A /* DevToolsUI */,
				862FC109298978C9007A2A88 /* Swinject */,
			);
			productName = "Currency Exchanger";
			productReference = D42845C7296C03FE00B97ADE /* Currency Exchanger.app */;
			productType = "com.apple.product-type.application";
		};
/* End PBXNativeTarget section */

/* Begin PBXProject section */
		D42845BF296C03FE00B97ADE /* Project object */ = {
			isa = PBXProject;
			attributes = {
				BuildIndependentTargetsInParallel = 1;
				LastSwiftUpdateCheck = 1410;
				LastUpgradeCheck = 1410;
				TargetAttributes = {
					D42845C6296C03FE00B97ADE = {
						CreatedOnToolsVersion = 14.1;
					};
				};
			};
			buildConfigurationList = D42845C2296C03FE00B97ADE /* Build configuration list for PBXProject "Currency Exchanger" */;
			compatibilityVersion = "Xcode 14.0";
			developmentRegion = en;
			hasScannedForEncodings = 0;
			knownRegions = (
				en,
				Base,
			);
			mainGroup = D42845BE296C03FE00B97ADE;
			packageReferences = (
				86615786298882CB00AAC56A /* XCRemoteSwiftPackageReference "DevTools-Swift" */,
				862FC108298978C9007A2A88 /* XCRemoteSwiftPackageReference "Swinject" */,
			);
			productRefGroup = D42845C8296C03FE00B97ADE /* Products */;
			projectDirPath = "";
			projectRoot = "";
			targets = (
				D42845C6296C03FE00B97ADE /* Currency Exchanger */,
			);
		};
/* End PBXProject section */

/* Begin PBXResourcesBuildPhase section */
		D42845C5296C03FE00B97ADE /* Resources */ = {
			isa = PBXResourcesBuildPhase;
			buildActionMask = 2147483647;
			files = (
				D42845D7296C03FF00B97ADE /* LaunchScreen.storyboard in Resources */,
				D42845D4296C03FF00B97ADE /* Assets.xcassets in Resources */,
				862FC127298A6A3E007A2A88 /* currencies.json in Resources */,
			);
			runOnlyForDeploymentPostprocessing = 0;
		};
/* End PBXResourcesBuildPhase section */

/* Begin PBXSourcesBuildPhase section */
		D42845C3296C03FE00B97ADE /* Sources */ = {
			isa = PBXSourcesBuildPhase;
			buildActionMask = 2147483647;
			files = (
				D42845E8296C08A600B97ADE /* MainButtonStyle.swift in Sources */,
				D4178441296C4C6200A92A80 /* CurrencyBalanceItemVM.swift in Sources */,
				D417843F296C4C4C00A92A80 /* CurrencyBalanceItemView.swift in Sources */,
				D42845EF296C0C0600B97ADE /* BuySellIndicatorView.swift in Sources */,
				862FC13A298C6AA1007A2A88 /* CurrencyRate + PersistableDomainModelProtocol.swift in Sources */,
				862FC133298C66FE007A2A88 /* CurrencyRate_DB.swift in Sources */,
				D42845EB296C09C500B97ADE /* Colors.swift in Sources */,
				862FC1222989E80D007A2A88 /* CurrencyBalance_DB + PersistedModelProtocol.swift in Sources */,
				862FC12D298AD88F007A2A88 /* CurrencyAPITarget.swift in Sources */,
				862FC1202989E7CD007A2A88 /* CurrencyBalance + PersistableDomainModelProtocol.swift in Sources */,
				D48A9B0C296C185E007F45F2 /* CurrencyBalance_DB.swift in Sources */,
				D4178449296C612200A92A80 /* Currency_DB.swift in Sources */,
				D42845CB296C03FE00B97ADE /* AppDelegate.swift in Sources */,
				D42845E1296C079B00B97ADE /* ConverterSceneView.swift in Sources */,
				861F1616298EF50200C59DF5 /* ExchangeRatesDataResponse.swift in Sources */,
				D42845E3296C081400B97ADE /* ConverterSceneVM.swift in Sources */,
				862FC138298C6A3E007A2A88 /* CurrencyRate.swift in Sources */,
				862FC11D2989A4D5007A2A88 /* UserRepository.swift in Sources */,
				D4178446296C5ABE00A92A80 /* ExchangeCurrencyVM.swift in Sources */,
				862FC1192989A1BD007A2A88 /* User + PersistableDomainModelProtocol.swift in Sources */,
				862FC10F29897DBF007A2A88 /* CurrencyRepository.swift in Sources */,
				D42845CD296C03FE00B97ADE /* SceneDelegate.swift in Sources */,
				86894F6F29887F7C00A41E10 /* Currency + PersistableDomainModelProtocol.swift in Sources */,
				8656EDAB298878980055722A /* Currency.swift in Sources */,
				8656EDAD29887B5B0055722A /* User.swift in Sources */,
				D4178444296C5AB400A92A80 /* ExchangeCurrencyView.swift in Sources */,
				862FC130298BCF25007A2A88 /* APP_Errors.swift in Sources */,
				862FC12A298A95D3007A2A88 /* CurrencyConverter.swift in Sources */,
				861F1614298EF4F200C59DF5 /* CurrencyResponse.swift in Sources */,
				862FC11B2989A1EF007A2A88 /* User_DB + PersistedModelProtocol.swift in Sources */,
				86894F712988801A00A41E10 /* Currency_DB + PersistedModelProtocol.swift in Sources */,
				862FC124298A66C5007A2A88 /* CurrencyBalanceRepository.swift in Sources */,
				861F161B298EF6D100C59DF5 /* DependencyManager.swift in Sources */,
				862FC11629899D71007A2A88 /* CurrencyService.swift in Sources */,
				D48A9B12296C240F007F45F2 /* User_DB.swift in Sources */,
				862FC135298C680F007A2A88 /* CurrencyRate_DB + PersistedModelProtocol.swift in Sources */,
				D48A9B08296C1382007F45F2 /* CurrencyPickerView.swift in Sources */,
				8656EDAF29887DA20055722A /* CurrencyBalance.swift in Sources */,
			);
			runOnlyForDeploymentPostprocessing = 0;
		};
/* End PBXSourcesBuildPhase section */

/* Begin PBXVariantGroup section */
		D42845D5296C03FF00B97ADE /* LaunchScreen.storyboard */ = {
			isa = PBXVariantGroup;
			children = (
				D42845D6296C03FF00B97ADE /* Base */,
			);
			name = LaunchScreen.storyboard;
			sourceTree = "<group>";
		};
/* End PBXVariantGroup section */

/* Begin XCBuildConfiguration section */
		D42845D9296C03FF00B97ADE /* Debug */ = {
			isa = XCBuildConfiguration;
			buildSettings = {
				ALWAYS_SEARCH_USER_PATHS = NO;
				CLANG_ANALYZER_NONNULL = YES;
				CLANG_ANALYZER_NUMBER_OBJECT_CONVERSION = YES_AGGRESSIVE;
				CLANG_CXX_LANGUAGE_STANDARD = "gnu++20";
				CLANG_ENABLE_MODULES = YES;
				CLANG_ENABLE_OBJC_ARC = YES;
				CLANG_ENABLE_OBJC_WEAK = YES;
				CLANG_WARN_BLOCK_CAPTURE_AUTORELEASING = YES;
				CLANG_WARN_BOOL_CONVERSION = YES;
				CLANG_WARN_COMMA = YES;
				CLANG_WARN_CONSTANT_CONVERSION = YES;
				CLANG_WARN_DEPRECATED_OBJC_IMPLEMENTATIONS = YES;
				CLANG_WARN_DIRECT_OBJC_ISA_USAGE = YES_ERROR;
				CLANG_WARN_DOCUMENTATION_COMMENTS = YES;
				CLANG_WARN_EMPTY_BODY = YES;
				CLANG_WARN_ENUM_CONVERSION = YES;
				CLANG_WARN_INFINITE_RECURSION = YES;
				CLANG_WARN_INT_CONVERSION = YES;
				CLANG_WARN_NON_LITERAL_NULL_CONVERSION = YES;
				CLANG_WARN_OBJC_IMPLICIT_RETAIN_SELF = YES;
				CLANG_WARN_OBJC_LITERAL_CONVERSION = YES;
				CLANG_WARN_OBJC_ROOT_CLASS = YES_ERROR;
				CLANG_WARN_QUOTED_INCLUDE_IN_FRAMEWORK_HEADER = YES;
				CLANG_WARN_RANGE_LOOP_ANALYSIS = YES;
				CLANG_WARN_STRICT_PROTOTYPES = YES;
				CLANG_WARN_SUSPICIOUS_MOVE = YES;
				CLANG_WARN_UNGUARDED_AVAILABILITY = YES_AGGRESSIVE;
				CLANG_WARN_UNREACHABLE_CODE = YES;
				CLANG_WARN__DUPLICATE_METHOD_MATCH = YES;
				COPY_PHASE_STRIP = NO;
				DEBUG_INFORMATION_FORMAT = dwarf;
				ENABLE_STRICT_OBJC_MSGSEND = YES;
				ENABLE_TESTABILITY = YES;
				GCC_C_LANGUAGE_STANDARD = gnu11;
				GCC_DYNAMIC_NO_PIC = NO;
				GCC_NO_COMMON_BLOCKS = YES;
				GCC_OPTIMIZATION_LEVEL = 0;
				GCC_PREPROCESSOR_DEFINITIONS = (
					"DEBUG=1",
					"$(inherited)",
				);
				GCC_WARN_64_TO_32_BIT_CONVERSION = YES;
				GCC_WARN_ABOUT_RETURN_TYPE = YES_ERROR;
				GCC_WARN_UNDECLARED_SELECTOR = YES;
				GCC_WARN_UNINITIALIZED_AUTOS = YES_AGGRESSIVE;
				GCC_WARN_UNUSED_FUNCTION = YES;
				GCC_WARN_UNUSED_VARIABLE = YES;
				IPHONEOS_DEPLOYMENT_TARGET = 16.1;
				MTL_ENABLE_DEBUG_INFO = INCLUDE_SOURCE;
				MTL_FAST_MATH = YES;
				ONLY_ACTIVE_ARCH = YES;
				SDKROOT = iphoneos;
				SWIFT_ACTIVE_COMPILATION_CONDITIONS = DEBUG;
				SWIFT_OPTIMIZATION_LEVEL = "-Onone";
			};
			name = Debug;
		};
		D42845DA296C03FF00B97ADE /* Release */ = {
			isa = XCBuildConfiguration;
			buildSettings = {
				ALWAYS_SEARCH_USER_PATHS = NO;
				CLANG_ANALYZER_NONNULL = YES;
				CLANG_ANALYZER_NUMBER_OBJECT_CONVERSION = YES_AGGRESSIVE;
				CLANG_CXX_LANGUAGE_STANDARD = "gnu++20";
				CLANG_ENABLE_MODULES = YES;
				CLANG_ENABLE_OBJC_ARC = YES;
				CLANG_ENABLE_OBJC_WEAK = YES;
				CLANG_WARN_BLOCK_CAPTURE_AUTORELEASING = YES;
				CLANG_WARN_BOOL_CONVERSION = YES;
				CLANG_WARN_COMMA = YES;
				CLANG_WARN_CONSTANT_CONVERSION = YES;
				CLANG_WARN_DEPRECATED_OBJC_IMPLEMENTATIONS = YES;
				CLANG_WARN_DIRECT_OBJC_ISA_USAGE = YES_ERROR;
				CLANG_WARN_DOCUMENTATION_COMMENTS = YES;
				CLANG_WARN_EMPTY_BODY = YES;
				CLANG_WARN_ENUM_CONVERSION = YES;
				CLANG_WARN_INFINITE_RECURSION = YES;
				CLANG_WARN_INT_CONVERSION = YES;
				CLANG_WARN_NON_LITERAL_NULL_CONVERSION = YES;
				CLANG_WARN_OBJC_IMPLICIT_RETAIN_SELF = YES;
				CLANG_WARN_OBJC_LITERAL_CONVERSION = YES;
				CLANG_WARN_OBJC_ROOT_CLASS = YES_ERROR;
				CLANG_WARN_QUOTED_INCLUDE_IN_FRAMEWORK_HEADER = YES;
				CLANG_WARN_RANGE_LOOP_ANALYSIS = YES;
				CLANG_WARN_STRICT_PROTOTYPES = YES;
				CLANG_WARN_SUSPICIOUS_MOVE = YES;
				CLANG_WARN_UNGUARDED_AVAILABILITY = YES_AGGRESSIVE;
				CLANG_WARN_UNREACHABLE_CODE = YES;
				CLANG_WARN__DUPLICATE_METHOD_MATCH = YES;
				COPY_PHASE_STRIP = NO;
				DEBUG_INFORMATION_FORMAT = "dwarf-with-dsym";
				ENABLE_NS_ASSERTIONS = NO;
				ENABLE_STRICT_OBJC_MSGSEND = YES;
				GCC_C_LANGUAGE_STANDARD = gnu11;
				GCC_NO_COMMON_BLOCKS = YES;
				GCC_WARN_64_TO_32_BIT_CONVERSION = YES;
				GCC_WARN_ABOUT_RETURN_TYPE = YES_ERROR;
				GCC_WARN_UNDECLARED_SELECTOR = YES;
				GCC_WARN_UNINITIALIZED_AUTOS = YES_AGGRESSIVE;
				GCC_WARN_UNUSED_FUNCTION = YES;
				GCC_WARN_UNUSED_VARIABLE = YES;
				IPHONEOS_DEPLOYMENT_TARGET = 16.1;
				MTL_ENABLE_DEBUG_INFO = NO;
				MTL_FAST_MATH = YES;
				SDKROOT = iphoneos;
				SWIFT_COMPILATION_MODE = wholemodule;
				SWIFT_OPTIMIZATION_LEVEL = "-O";
				VALIDATE_PRODUCT = YES;
			};
			name = Release;
		};
		D42845DC296C03FF00B97ADE /* Debug */ = {
			isa = XCBuildConfiguration;
			buildSettings = {
				ASSETCATALOG_COMPILER_APPICON_NAME = AppIcon;
				ASSETCATALOG_COMPILER_GLOBAL_ACCENT_COLOR_NAME = AccentColor;
				CODE_SIGN_STYLE = Automatic;
				CURRENT_PROJECT_VERSION = 1;
				GENERATE_INFOPLIST_FILE = YES;
				INFOPLIST_FILE = "Currency Exchanger/Info.plist";
				INFOPLIST_KEY_UIApplicationSupportsIndirectInputEvents = YES;
				INFOPLIST_KEY_UILaunchStoryboardName = LaunchScreen;
				INFOPLIST_KEY_UISupportedInterfaceOrientations_iPad = "UIInterfaceOrientationPortrait UIInterfaceOrientationPortraitUpsideDown UIInterfaceOrientationLandscapeLeft UIInterfaceOrientationLandscapeRight";
				INFOPLIST_KEY_UISupportedInterfaceOrientations_iPhone = "UIInterfaceOrientationPortrait UIInterfaceOrientationLandscapeLeft UIInterfaceOrientationLandscapeRight";
				LD_RUNPATH_SEARCH_PATHS = (
					"$(inherited)",
					"@executable_path/Frameworks",
				);
				MARKETING_VERSION = 1.0;
				PRODUCT_BUNDLE_IDENTIFIER = "com.hardijs.Currency-Exchanger";
				PRODUCT_NAME = "$(TARGET_NAME)";
				SWIFT_EMIT_LOC_STRINGS = YES;
				SWIFT_VERSION = 5.0;
				TARGETED_DEVICE_FAMILY = "1,2";
			};
			name = Debug;
		};
		D42845DD296C03FF00B97ADE /* Release */ = {
			isa = XCBuildConfiguration;
			buildSettings = {
				ASSETCATALOG_COMPILER_APPICON_NAME = AppIcon;
				ASSETCATALOG_COMPILER_GLOBAL_ACCENT_COLOR_NAME = AccentColor;
				CODE_SIGN_STYLE = Automatic;
				CURRENT_PROJECT_VERSION = 1;
				GENERATE_INFOPLIST_FILE = YES;
				INFOPLIST_FILE = "Currency Exchanger/Info.plist";
				INFOPLIST_KEY_UIApplicationSupportsIndirectInputEvents = YES;
				INFOPLIST_KEY_UILaunchStoryboardName = LaunchScreen;
				INFOPLIST_KEY_UISupportedInterfaceOrientations_iPad = "UIInterfaceOrientationPortrait UIInterfaceOrientationPortraitUpsideDown UIInterfaceOrientationLandscapeLeft UIInterfaceOrientationLandscapeRight";
				INFOPLIST_KEY_UISupportedInterfaceOrientations_iPhone = "UIInterfaceOrientationPortrait UIInterfaceOrientationLandscapeLeft UIInterfaceOrientationLandscapeRight";
				LD_RUNPATH_SEARCH_PATHS = (
					"$(inherited)",
					"@executable_path/Frameworks",
				);
				MARKETING_VERSION = 1.0;
				PRODUCT_BUNDLE_IDENTIFIER = "com.hardijs.Currency-Exchanger";
				PRODUCT_NAME = "$(TARGET_NAME)";
				SWIFT_EMIT_LOC_STRINGS = YES;
				SWIFT_VERSION = 5.0;
				TARGETED_DEVICE_FAMILY = "1,2";
			};
			name = Release;
		};
/* End XCBuildConfiguration section */

/* Begin XCConfigurationList section */
		D42845C2296C03FE00B97ADE /* Build configuration list for PBXProject "Currency Exchanger" */ = {
			isa = XCConfigurationList;
			buildConfigurations = (
				D42845D9296C03FF00B97ADE /* Debug */,
				D42845DA296C03FF00B97ADE /* Release */,
			);
			defaultConfigurationIsVisible = 0;
			defaultConfigurationName = Release;
		};
		D42845DB296C03FF00B97ADE /* Build configuration list for PBXNativeTarget "Currency Exchanger" */ = {
			isa = XCConfigurationList;
			buildConfigurations = (
				D42845DC296C03FF00B97ADE /* Debug */,
				D42845DD296C03FF00B97ADE /* Release */,
			);
			defaultConfigurationIsVisible = 0;
			defaultConfigurationName = Release;
		};
/* End XCConfigurationList section */

/* Begin XCRemoteSwiftPackageReference section */
		862FC108298978C9007A2A88 /* XCRemoteSwiftPackageReference "Swinject" */ = {
			isa = XCRemoteSwiftPackageReference;
			repositoryURL = "https://github.com/Swinject/Swinject";
			requirement = {
				kind = upToNextMajorVersion;
				minimumVersion = 2.0.0;
			};
		};
		86615786298882CB00AAC56A /* XCRemoteSwiftPackageReference "DevTools-Swift" */ = {
			isa = XCRemoteSwiftPackageReference;
			repositoryURL = "https://github.com/hk14004/DevTools-Swift";
			requirement = {
				branch = main;
				kind = branch;
			};
		};
/* End XCRemoteSwiftPackageReference section */

/* Begin XCSwiftPackageProductDependency section */
		862FC109298978C9007A2A88 /* Swinject */ = {
			isa = XCSwiftPackageProductDependency;
			package = 862FC108298978C9007A2A88 /* XCRemoteSwiftPackageReference "Swinject" */;
			productName = Swinject;
		};
		86615787298882CB00AAC56A /* DevTools */ = {
			isa = XCSwiftPackageProductDependency;
			package = 86615786298882CB00AAC56A /* XCRemoteSwiftPackageReference "DevTools-Swift" */;
			productName = DevTools;
		};
		86615789298882CB00AAC56A /* DevToolsNavigation */ = {
			isa = XCSwiftPackageProductDependency;
			package = 86615786298882CB00AAC56A /* XCRemoteSwiftPackageReference "DevTools-Swift" */;
			productName = DevToolsNavigation;
		};
		8661578B298882CB00AAC56A /* DevToolsNetworking */ = {
			isa = XCSwiftPackageProductDependency;
			package = 86615786298882CB00AAC56A /* XCRemoteSwiftPackageReference "DevTools-Swift" */;
			productName = DevToolsNetworking;
		};
		8661578D298882CB00AAC56A /* DevToolsRealm */ = {
			isa = XCSwiftPackageProductDependency;
			package = 86615786298882CB00AAC56A /* XCRemoteSwiftPackageReference "DevTools-Swift" */;
			productName = DevToolsRealm;
		};
		8661578F298882CB00AAC56A /* DevToolsUI */ = {
			isa = XCSwiftPackageProductDependency;
			package = 86615786298882CB00AAC56A /* XCRemoteSwiftPackageReference "DevTools-Swift" */;
			productName = DevToolsUI;
		};
/* End XCSwiftPackageProductDependency section */
	};
	rootObject = D42845BF296C03FE00B97ADE /* Project object */;
}
